// !$*UTF8*$!
{
	archiveVersion = 1;
	classes = {
	};
	objectVersion = 50;
	objects = {

/* Begin PBXBuildFile section */
		8DE97745269BA6EA008E61F4 /* AppDelegate.swift in Sources */ = {isa = PBXBuildFile; fileRef = 8DE97744269BA6EA008E61F4 /* AppDelegate.swift */; };
		8DE97747269BA6EA008E61F4 /* SceneDelegate.swift in Sources */ = {isa = PBXBuildFile; fileRef = 8DE97746269BA6EA008E61F4 /* SceneDelegate.swift */; };
		8DE97749269BA6EA008E61F4 /* ContainerViewController.swift in Sources */ = {isa = PBXBuildFile; fileRef = 8DE97748269BA6EA008E61F4 /* ContainerViewController.swift */; };
		8DE9774C269BA6EA008E61F4 /* Main.storyboard in Resources */ = {isa = PBXBuildFile; fileRef = 8DE9774A269BA6EA008E61F4 /* Main.storyboard */; };
		8DE9774E269BA6EC008E61F4 /* Assets.xcassets in Resources */ = {isa = PBXBuildFile; fileRef = 8DE9774D269BA6EC008E61F4 /* Assets.xcassets */; };
		8DE97751269BA6EC008E61F4 /* LaunchScreen.storyboard in Resources */ = {isa = PBXBuildFile; fileRef = 8DE9774F269BA6EC008E61F4 /* LaunchScreen.storyboard */; };
		8DE9775B269BA80C008E61F4 /* Extensions.swift in Sources */ = {isa = PBXBuildFile; fileRef = 8DE9775A269BA80C008E61F4 /* Extensions.swift */; };
		8DE97768269BB596008E61F4 /* MyLecturesView.xib in Resources */ = {isa = PBXBuildFile; fileRef = 8DE97767269BB596008E61F4 /* MyLecturesView.xib */; };
		8DE9776B269BB5A2008E61F4 /* MyLecturesView.swift in Sources */ = {isa = PBXBuildFile; fileRef = 8DE9776A269BB5A2008E61F4 /* MyLecturesView.swift */; };
		8DE97771269BBA47008E61F4 /* NetworkingTableViewController.swift in Sources */ = {isa = PBXBuildFile; fileRef = 8DE9776F269BBA47008E61F4 /* NetworkingTableViewController.swift */; };
		8DE97772269BBA47008E61F4 /* NetworkingTableViewController.xib in Resources */ = {isa = PBXBuildFile; fileRef = 8DE97770269BBA47008E61F4 /* NetworkingTableViewController.xib */; };
		8DE97777269BBAF7008E61F4 /* NetworkingTableViewCell.swift in Sources */ = {isa = PBXBuildFile; fileRef = 8DE97775269BBAF7008E61F4 /* NetworkingTableViewCell.swift */; };
		8DE97778269BBAF7008E61F4 /* NetworkingTableViewCell.xib in Resources */ = {isa = PBXBuildFile; fileRef = 8DE97776269BBAF7008E61F4 /* NetworkingTableViewCell.xib */; };
		8DE9777F269BC0DD008E61F4 /* MLButton.swift in Sources */ = {isa = PBXBuildFile; fileRef = 8DE9777E269BC0DD008E61F4 /* MLButton.swift */; };
		8DE97786269BC2F1008E61F4 /* ControlTableViewCell.swift in Sources */ = {isa = PBXBuildFile; fileRef = 8DE97784269BC2F1008E61F4 /* ControlTableViewCell.swift */; };
		8DE97787269BC2F1008E61F4 /* ControlTableViewCell.xib in Resources */ = {isa = PBXBuildFile; fileRef = 8DE97785269BC2F1008E61F4 /* ControlTableViewCell.xib */; };
		8DE9778F269BC328008E61F4 /* ControlTableViewController.swift in Sources */ = {isa = PBXBuildFile; fileRef = 8DE9778D269BC328008E61F4 /* ControlTableViewController.swift */; };
		8DE97790269BC328008E61F4 /* ControlTableViewController.xib in Resources */ = {isa = PBXBuildFile; fileRef = 8DE9778E269BC328008E61F4 /* ControlTableViewController.xib */; };
		8DE97795269BC35E008E61F4 /* RecognitionTableViewController.swift in Sources */ = {isa = PBXBuildFile; fileRef = 8DE97793269BC35E008E61F4 /* RecognitionTableViewController.swift */; };
		8DE97796269BC35E008E61F4 /* RecognitionTableViewController.xib in Resources */ = {isa = PBXBuildFile; fileRef = 8DE97794269BC35E008E61F4 /* RecognitionTableViewController.xib */; };
		8DE9779A269BC37E008E61F4 /* RecognitionTableViewCell.swift in Sources */ = {isa = PBXBuildFile; fileRef = 8DE97798269BC37E008E61F4 /* RecognitionTableViewCell.swift */; };
		8DE9779B269BC37E008E61F4 /* RecognitionTableViewCell.xib in Resources */ = {isa = PBXBuildFile; fileRef = 8DE97799269BC37E008E61F4 /* RecognitionTableViewCell.xib */; };
/* End PBXBuildFile section */

/* Begin PBXFileReference section */
		8DE97741269BA6E9008E61F4 /* myLectures.app */ = {isa = PBXFileReference; explicitFileType = wrapper.application; includeInIndex = 0; path = myLectures.app; sourceTree = BUILT_PRODUCTS_DIR; };
		8DE97744269BA6EA008E61F4 /* AppDelegate.swift */ = {isa = PBXFileReference; lastKnownFileType = sourcecode.swift; path = AppDelegate.swift; sourceTree = "<group>"; };
		8DE97746269BA6EA008E61F4 /* SceneDelegate.swift */ = {isa = PBXFileReference; lastKnownFileType = sourcecode.swift; path = SceneDelegate.swift; sourceTree = "<group>"; };
		8DE97748269BA6EA008E61F4 /* ContainerViewController.swift */ = {isa = PBXFileReference; lastKnownFileType = sourcecode.swift; path = ContainerViewController.swift; sourceTree = "<group>"; };
		8DE9774B269BA6EA008E61F4 /* Base */ = {isa = PBXFileReference; lastKnownFileType = file.storyboard; name = Base; path = Base.lproj/Main.storyboard; sourceTree = "<group>"; };
		8DE9774D269BA6EC008E61F4 /* Assets.xcassets */ = {isa = PBXFileReference; lastKnownFileType = folder.assetcatalog; path = Assets.xcassets; sourceTree = "<group>"; };
		8DE97750269BA6EC008E61F4 /* Base */ = {isa = PBXFileReference; lastKnownFileType = file.storyboard; name = Base; path = Base.lproj/LaunchScreen.storyboard; sourceTree = "<group>"; };
		8DE97752269BA6EC008E61F4 /* Info.plist */ = {isa = PBXFileReference; lastKnownFileType = text.plist.xml; path = Info.plist; sourceTree = "<group>"; };
		8DE9775A269BA80C008E61F4 /* Extensions.swift */ = {isa = PBXFileReference; lastKnownFileType = sourcecode.swift; path = Extensions.swift; sourceTree = "<group>"; };
		8DE97767269BB596008E61F4 /* MyLecturesView.xib */ = {isa = PBXFileReference; lastKnownFileType = file.xib; path = MyLecturesView.xib; sourceTree = "<group>"; };
		8DE9776A269BB5A2008E61F4 /* MyLecturesView.swift */ = {isa = PBXFileReference; lastKnownFileType = sourcecode.swift; path = MyLecturesView.swift; sourceTree = "<group>"; };
		8DE9776F269BBA47008E61F4 /* NetworkingTableViewController.swift */ = {isa = PBXFileReference; lastKnownFileType = sourcecode.swift; path = NetworkingTableViewController.swift; sourceTree = "<group>"; };
		8DE97770269BBA47008E61F4 /* NetworkingTableViewController.xib */ = {isa = PBXFileReference; lastKnownFileType = file.xib; path = NetworkingTableViewController.xib; sourceTree = "<group>"; };
		8DE97775269BBAF7008E61F4 /* NetworkingTableViewCell.swift */ = {isa = PBXFileReference; lastKnownFileType = sourcecode.swift; path = NetworkingTableViewCell.swift; sourceTree = "<group>"; };
		8DE97776269BBAF7008E61F4 /* NetworkingTableViewCell.xib */ = {isa = PBXFileReference; lastKnownFileType = file.xib; path = NetworkingTableViewCell.xib; sourceTree = "<group>"; };
		8DE9777E269BC0DD008E61F4 /* MLButton.swift */ = {isa = PBXFileReference; lastKnownFileType = sourcecode.swift; path = MLButton.swift; sourceTree = "<group>"; };
		8DE97784269BC2F1008E61F4 /* ControlTableViewCell.swift */ = {isa = PBXFileReference; lastKnownFileType = sourcecode.swift; path = ControlTableViewCell.swift; sourceTree = "<group>"; };
		8DE97785269BC2F1008E61F4 /* ControlTableViewCell.xib */ = {isa = PBXFileReference; lastKnownFileType = file.xib; path = ControlTableViewCell.xib; sourceTree = "<group>"; };
		8DE9778D269BC328008E61F4 /* ControlTableViewController.swift */ = {isa = PBXFileReference; lastKnownFileType = sourcecode.swift; path = ControlTableViewController.swift; sourceTree = "<group>"; };
		8DE9778E269BC328008E61F4 /* ControlTableViewController.xib */ = {isa = PBXFileReference; lastKnownFileType = file.xib; path = ControlTableViewController.xib; sourceTree = "<group>"; };
		8DE97793269BC35E008E61F4 /* RecognitionTableViewController.swift */ = {isa = PBXFileReference; lastKnownFileType = sourcecode.swift; path = RecognitionTableViewController.swift; sourceTree = "<group>"; };
		8DE97794269BC35E008E61F4 /* RecognitionTableViewController.xib */ = {isa = PBXFileReference; lastKnownFileType = file.xib; path = RecognitionTableViewController.xib; sourceTree = "<group>"; };
		8DE97798269BC37E008E61F4 /* RecognitionTableViewCell.swift */ = {isa = PBXFileReference; lastKnownFileType = sourcecode.swift; path = RecognitionTableViewCell.swift; sourceTree = "<group>"; };
		8DE97799269BC37E008E61F4 /* RecognitionTableViewCell.xib */ = {isa = PBXFileReference; lastKnownFileType = file.xib; path = RecognitionTableViewCell.xib; sourceTree = "<group>"; };
/* End PBXFileReference section */

/* Begin PBXFrameworksBuildPhase section */
		8DE9773E269BA6E9008E61F4 /* Frameworks */ = {
			isa = PBXFrameworksBuildPhase;
			buildActionMask = 2147483647;
			files = (
			);
			runOnlyForDeploymentPostprocessing = 0;
		};
/* End PBXFrameworksBuildPhase section */

/* Begin PBXGroup section */
		8DE97738269BA6E9008E61F4 = {
			isa = PBXGroup;
			children = (
				8DE97743269BA6E9008E61F4 /* myLectures */,
				8DE97742269BA6E9008E61F4 /* Products */,
			);
			sourceTree = "<group>";
		};
		8DE97742269BA6E9008E61F4 /* Products */ = {
			isa = PBXGroup;
			children = (
				8DE97741269BA6E9008E61F4 /* myLectures.app */,
			);
			name = Products;
			sourceTree = "<group>";
		};
		8DE97743269BA6E9008E61F4 /* myLectures */ = {
			isa = PBXGroup;
			children = (
				8DE97752269BA6EC008E61F4 /* Info.plist */,
				8DE97761269BA83C008E61F4 /* Screens */,
				8DE97760269BA832008E61F4 /* Controllers */,
				8DE9777D269BC0CA008E61F4 /* CustomViews */,
				8DE9775E269BA815008E61F4 /* Base */,
				8DE97759269BA801008E61F4 /* Utils */,
			);
			path = myLectures;
			sourceTree = "<group>";
		};
		8DE97759269BA801008E61F4 /* Utils */ = {
			isa = PBXGroup;
			children = (
				8DE9774D269BA6EC008E61F4 /* Assets.xcassets */,
				8DE9775A269BA80C008E61F4 /* Extensions.swift */,
			);
			path = Utils;
			sourceTree = "<group>";
		};
		8DE9775E269BA815008E61F4 /* Base */ = {
			isa = PBXGroup;
			children = (
				8DE97744269BA6EA008E61F4 /* AppDelegate.swift */,
				8DE97746269BA6EA008E61F4 /* SceneDelegate.swift */,
			);
			path = Base;
			sourceTree = "<group>";
		};
		8DE97760269BA832008E61F4 /* Controllers */ = {
			isa = PBXGroup;
			children = (
				8DE97748269BA6EA008E61F4 /* ContainerViewController.swift */,
				8DE97765269BB55F008E61F4 /* HeaderViews */,
				8DE9776E269BBA2E008E61F4 /* TableViews */,
			);
			path = Controllers;
			sourceTree = "<group>";
		};
		8DE97761269BA83C008E61F4 /* Screens */ = {
			isa = PBXGroup;
			children = (
				8DE9774A269BA6EA008E61F4 /* Main.storyboard */,
				8DE9774F269BA6EC008E61F4 /* LaunchScreen.storyboard */,
			);
			path = Screens;
			sourceTree = "<group>";
		};
		8DE97765269BB55F008E61F4 /* HeaderViews */ = {
			isa = PBXGroup;
			children = (
				8DE97766269BB575008E61F4 /* MyLectures */,
			);
			path = HeaderViews;
			sourceTree = "<group>";
		};
		8DE97766269BB575008E61F4 /* MyLectures */ = {
			isa = PBXGroup;
			children = (
				8DE9776A269BB5A2008E61F4 /* MyLecturesView.swift */,
				8DE97767269BB596008E61F4 /* MyLecturesView.xib */,
			);
			path = MyLectures;
			sourceTree = "<group>";
		};
		8DE9776E269BBA2E008E61F4 /* TableViews */ = {
			isa = PBXGroup;
			children = (
				8DE97783269BC2B2008E61F4 /* RecognitionTable */,
				8DE97782269BC2A3008E61F4 /* ControlTable */,
				8DE9777A269BBAFC008E61F4 /* NetworkingTable */,
			);
			path = TableViews;
			sourceTree = "<group>";
		};
		8DE97774269BBADF008E61F4 /* NetworkingCell */ = {
			isa = PBXGroup;
			children = (
				8DE97775269BBAF7008E61F4 /* NetworkingTableViewCell.swift */,
				8DE97776269BBAF7008E61F4 /* NetworkingTableViewCell.xib */,
			);
			path = NetworkingCell;
			sourceTree = "<group>";
		};
		8DE9777A269BBAFC008E61F4 /* NetworkingTable */ = {
			isa = PBXGroup;
			children = (
				8DE9776F269BBA47008E61F4 /* NetworkingTableViewController.swift */,
				8DE97770269BBA47008E61F4 /* NetworkingTableViewController.xib */,
				8DE97774269BBADF008E61F4 /* NetworkingCell */,
			);
			path = NetworkingTable;
			sourceTree = "<group>";
		};
		8DE9777D269BC0CA008E61F4 /* CustomViews */ = {
			isa = PBXGroup;
			children = (
				8DE9777E269BC0DD008E61F4 /* MLButton.swift */,
			);
			path = CustomViews;
			sourceTree = "<group>";
		};
		8DE97782269BC2A3008E61F4 /* ControlTable */ = {
			isa = PBXGroup;
			children = (
				8DE9778B269BC2FF008E61F4 /* ControlCell */,
				8DE9778D269BC328008E61F4 /* ControlTableViewController.swift */,
				8DE9778E269BC328008E61F4 /* ControlTableViewController.xib */,
			);
			path = ControlTable;
			sourceTree = "<group>";
		};
		8DE97783269BC2B2008E61F4 /* RecognitionTable */ = {
			isa = PBXGroup;
			children = (
				8DE97789269BC2F4008E61F4 /* RecognitionCell */,
				8DE97793269BC35E008E61F4 /* RecognitionTableViewController.swift */,
				8DE97794269BC35E008E61F4 /* RecognitionTableViewController.xib */,
			);
			path = RecognitionTable;
			sourceTree = "<group>";
		};
		8DE97789269BC2F4008E61F4 /* RecognitionCell */ = {
			isa = PBXGroup;
			children = (
				8DE97798269BC37E008E61F4 /* RecognitionTableViewCell.swift */,
				8DE97799269BC37E008E61F4 /* RecognitionTableViewCell.xib */,
			);
			path = RecognitionCell;
			sourceTree = "<group>";
		};
		8DE9778B269BC2FF008E61F4 /* ControlCell */ = {
			isa = PBXGroup;
			children = (
				8DE97784269BC2F1008E61F4 /* ControlTableViewCell.swift */,
				8DE97785269BC2F1008E61F4 /* ControlTableViewCell.xib */,
			);
			path = ControlCell;
			sourceTree = "<group>";
		};
/* End PBXGroup section */

/* Begin PBXNativeTarget section */
		8DE97740269BA6E9008E61F4 /* myLectures */ = {
			isa = PBXNativeTarget;
			buildConfigurationList = 8DE97755269BA6EC008E61F4 /* Build configuration list for PBXNativeTarget "myLectures" */;
			buildPhases = (
				8DE9773D269BA6E9008E61F4 /* Sources */,
				8DE9773E269BA6E9008E61F4 /* Frameworks */,
				8DE9773F269BA6E9008E61F4 /* Resources */,
			);
			buildRules = (
			);
			dependencies = (
			);
			name = myLectures;
			productName = myLectures;
			productReference = 8DE97741269BA6E9008E61F4 /* myLectures.app */;
			productType = "com.apple.product-type.application";
		};
/* End PBXNativeTarget section */

/* Begin PBXProject section */
		8DE97739269BA6E9008E61F4 /* Project object */ = {
			isa = PBXProject;
			attributes = {
				LastSwiftUpdateCheck = 1210;
				LastUpgradeCheck = 1210;
				TargetAttributes = {
					8DE97740269BA6E9008E61F4 = {
						CreatedOnToolsVersion = 12.1;
					};
				};
			};
			buildConfigurationList = 8DE9773C269BA6E9008E61F4 /* Build configuration list for PBXProject "myLectures" */;
			compatibilityVersion = "Xcode 9.3";
			developmentRegion = en;
			hasScannedForEncodings = 0;
			knownRegions = (
				en,
				Base,
			);
			mainGroup = 8DE97738269BA6E9008E61F4;
			productRefGroup = 8DE97742269BA6E9008E61F4 /* Products */;
			projectDirPath = "";
			projectRoot = "";
			targets = (
				8DE97740269BA6E9008E61F4 /* myLectures */,
			);
		};
/* End PBXProject section */

/* Begin PBXResourcesBuildPhase section */
		8DE9773F269BA6E9008E61F4 /* Resources */ = {
			isa = PBXResourcesBuildPhase;
			buildActionMask = 2147483647;
			files = (
				8DE97772269BBA47008E61F4 /* NetworkingTableViewController.xib in Resources */,
				8DE97751269BA6EC008E61F4 /* LaunchScreen.storyboard in Resources */,
				8DE97787269BC2F1008E61F4 /* ControlTableViewCell.xib in Resources */,
				8DE9779B269BC37E008E61F4 /* RecognitionTableViewCell.xib in Resources */,
				8DE97796269BC35E008E61F4 /* RecognitionTableViewController.xib in Resources */,
				8DE9774E269BA6EC008E61F4 /* Assets.xcassets in Resources */,
				8DE97778269BBAF7008E61F4 /* NetworkingTableViewCell.xib in Resources */,
				8DE9774C269BA6EA008E61F4 /* Main.storyboard in Resources */,
				8DE97768269BB596008E61F4 /* MyLecturesView.xib in Resources */,
				8DE97790269BC328008E61F4 /* ControlTableViewController.xib in Resources */,
			);
			runOnlyForDeploymentPostprocessing = 0;
		};
/* End PBXResourcesBuildPhase section */

/* Begin PBXSourcesBuildPhase section */
		8DE9773D269BA6E9008E61F4 /* Sources */ = {
			isa = PBXSourcesBuildPhase;
			buildActionMask = 2147483647;
			files = (
				8DE97795269BC35E008E61F4 /* RecognitionTableViewController.swift in Sources */,
				8DE97749269BA6EA008E61F4 /* ContainerViewController.swift in Sources */,
				8DE97745269BA6EA008E61F4 /* AppDelegate.swift in Sources */,
				8DE97747269BA6EA008E61F4 /* SceneDelegate.swift in Sources */,
				8DE97771269BBA47008E61F4 /* NetworkingTableViewController.swift in Sources */,
				8DE9779A269BC37E008E61F4 /* RecognitionTableViewCell.swift in Sources */,
				8DE97777269BBAF7008E61F4 /* NetworkingTableViewCell.swift in Sources */,
				8DE97786269BC2F1008E61F4 /* ControlTableViewCell.swift in Sources */,
				8DE9776B269BB5A2008E61F4 /* MyLecturesView.swift in Sources */,
				8DE9777F269BC0DD008E61F4 /* MLButton.swift in Sources */,
				8DE9778F269BC328008E61F4 /* ControlTableViewController.swift in Sources */,
				8DE9775B269BA80C008E61F4 /* Extensions.swift in Sources */,
			);
			runOnlyForDeploymentPostprocessing = 0;
		};
/* End PBXSourcesBuildPhase section */

/* Begin PBXVariantGroup section */
		8DE9774A269BA6EA008E61F4 /* Main.storyboard */ = {
			isa = PBXVariantGroup;
			children = (
				8DE9774B269BA6EA008E61F4 /* Base */,
			);
			name = Main.storyboard;
			sourceTree = "<group>";
		};
		8DE9774F269BA6EC008E61F4 /* LaunchScreen.storyboard */ = {
			isa = PBXVariantGroup;
			children = (
				8DE97750269BA6EC008E61F4 /* Base */,
			);
			name = LaunchScreen.storyboard;
			sourceTree = "<group>";
		};
/* End PBXVariantGroup section */

/* Begin XCBuildConfiguration section */
		8DE97753269BA6EC008E61F4 /* Debug */ = {
			isa = XCBuildConfiguration;
			buildSettings = {
				ALWAYS_SEARCH_USER_PATHS = NO;
				CLANG_ANALYZER_NONNULL = YES;
				CLANG_ANALYZER_NUMBER_OBJECT_CONVERSION = YES_AGGRESSIVE;
				CLANG_CXX_LANGUAGE_STANDARD = "gnu++14";
				CLANG_CXX_LIBRARY = "libc++";
				CLANG_ENABLE_MODULES = YES;
				CLANG_ENABLE_OBJC_ARC = YES;
				CLANG_ENABLE_OBJC_WEAK = YES;
				CLANG_WARN_BLOCK_CAPTURE_AUTORELEASING = YES;
				CLANG_WARN_BOOL_CONVERSION = YES;
				CLANG_WARN_COMMA = YES;
				CLANG_WARN_CONSTANT_CONVERSION = YES;
				CLANG_WARN_DEPRECATED_OBJC_IMPLEMENTATIONS = YES;
				CLANG_WARN_DIRECT_OBJC_ISA_USAGE = YES_ERROR;
				CLANG_WARN_DOCUMENTATION_COMMENTS = YES;
				CLANG_WARN_EMPTY_BODY = YES;
				CLANG_WARN_ENUM_CONVERSION = YES;
				CLANG_WARN_INFINITE_RECURSION = YES;
				CLANG_WARN_INT_CONVERSION = YES;
				CLANG_WARN_NON_LITERAL_NULL_CONVERSION = YES;
				CLANG_WARN_OBJC_IMPLICIT_RETAIN_SELF = YES;
				CLANG_WARN_OBJC_LITERAL_CONVERSION = YES;
				CLANG_WARN_OBJC_ROOT_CLASS = YES_ERROR;
				CLANG_WARN_QUOTED_INCLUDE_IN_FRAMEWORK_HEADER = YES;
				CLANG_WARN_RANGE_LOOP_ANALYSIS = YES;
				CLANG_WARN_STRICT_PROTOTYPES = YES;
				CLANG_WARN_SUSPICIOUS_MOVE = YES;
				CLANG_WARN_UNGUARDED_AVAILABILITY = YES_AGGRESSIVE;
				CLANG_WARN_UNREACHABLE_CODE = YES;
				CLANG_WARN__DUPLICATE_METHOD_MATCH = YES;
				COPY_PHASE_STRIP = NO;
				DEBUG_INFORMATION_FORMAT = dwarf;
				ENABLE_STRICT_OBJC_MSGSEND = YES;
				ENABLE_TESTABILITY = YES;
				GCC_C_LANGUAGE_STANDARD = gnu11;
				GCC_DYNAMIC_NO_PIC = NO;
				GCC_NO_COMMON_BLOCKS = YES;
				GCC_OPTIMIZATION_LEVEL = 0;
				GCC_PREPROCESSOR_DEFINITIONS = (
					"DEBUG=1",
					"$(inherited)",
				);
				GCC_WARN_64_TO_32_BIT_CONVERSION = YES;
				GCC_WARN_ABOUT_RETURN_TYPE = YES_ERROR;
				GCC_WARN_UNDECLARED_SELECTOR = YES;
				GCC_WARN_UNINITIALIZED_AUTOS = YES_AGGRESSIVE;
				GCC_WARN_UNUSED_FUNCTION = YES;
				GCC_WARN_UNUSED_VARIABLE = YES;
				IPHONEOS_DEPLOYMENT_TARGET = 14.1;
				MTL_ENABLE_DEBUG_INFO = INCLUDE_SOURCE;
				MTL_FAST_MATH = YES;
				ONLY_ACTIVE_ARCH = YES;
				SDKROOT = iphoneos;
				SWIFT_ACTIVE_COMPILATION_CONDITIONS = DEBUG;
				SWIFT_OPTIMIZATION_LEVEL = "-Onone";
			};
			name = Debug;
		};
		8DE97754269BA6EC008E61F4 /* Release */ = {
			isa = XCBuildConfiguration;
			buildSettings = {
				ALWAYS_SEARCH_USER_PATHS = NO;
				CLANG_ANALYZER_NONNULL = YES;
				CLANG_ANALYZER_NUMBER_OBJECT_CONVERSION = YES_AGGRESSIVE;
				CLANG_CXX_LANGUAGE_STANDARD = "gnu++14";
				CLANG_CXX_LIBRARY = "libc++";
				CLANG_ENABLE_MODULES = YES;
				CLANG_ENABLE_OBJC_ARC = YES;
				CLANG_ENABLE_OBJC_WEAK = YES;
				CLANG_WARN_BLOCK_CAPTURE_AUTORELEASING = YES;
				CLANG_WARN_BOOL_CONVERSION = YES;
				CLANG_WARN_COMMA = YES;
				CLANG_WARN_CONSTANT_CONVERSION = YES;
				CLANG_WARN_DEPRECATED_OBJC_IMPLEMENTATIONS = YES;
				CLANG_WARN_DIRECT_OBJC_ISA_USAGE = YES_ERROR;
				CLANG_WARN_DOCUMENTATION_COMMENTS = YES;
				CLANG_WARN_EMPTY_BODY = YES;
				CLANG_WARN_ENUM_CONVERSION = YES;
				CLANG_WARN_INFINITE_RECURSION = YES;
				CLANG_WARN_INT_CONVERSION = YES;
				CLANG_WARN_NON_LITERAL_NULL_CONVERSION = YES;
				CLANG_WARN_OBJC_IMPLICIT_RETAIN_SELF = YES;
				CLANG_WARN_OBJC_LITERAL_CONVERSION = YES;
				CLANG_WARN_OBJC_ROOT_CLASS = YES_ERROR;
				CLANG_WARN_QUOTED_INCLUDE_IN_FRAMEWORK_HEADER = YES;
				CLANG_WARN_RANGE_LOOP_ANALYSIS = YES;
				CLANG_WARN_STRICT_PROTOTYPES = YES;
				CLANG_WARN_SUSPICIOUS_MOVE = YES;
				CLANG_WARN_UNGUARDED_AVAILABILITY = YES_AGGRESSIVE;
				CLANG_WARN_UNREACHABLE_CODE = YES;
				CLANG_WARN__DUPLICATE_METHOD_MATCH = YES;
				COPY_PHASE_STRIP = NO;
				DEBUG_INFORMATION_FORMAT = "dwarf-with-dsym";
				ENABLE_NS_ASSERTIONS = NO;
				ENABLE_STRICT_OBJC_MSGSEND = YES;
				GCC_C_LANGUAGE_STANDARD = gnu11;
				GCC_NO_COMMON_BLOCKS = YES;
				GCC_WARN_64_TO_32_BIT_CONVERSION = YES;
				GCC_WARN_ABOUT_RETURN_TYPE = YES_ERROR;
				GCC_WARN_UNDECLARED_SELECTOR = YES;
				GCC_WARN_UNINITIALIZED_AUTOS = YES_AGGRESSIVE;
				GCC_WARN_UNUSED_FUNCTION = YES;
				GCC_WARN_UNUSED_VARIABLE = YES;
				IPHONEOS_DEPLOYMENT_TARGET = 14.1;
				MTL_ENABLE_DEBUG_INFO = NO;
				MTL_FAST_MATH = YES;
				SDKROOT = iphoneos;
				SWIFT_COMPILATION_MODE = wholemodule;
				SWIFT_OPTIMIZATION_LEVEL = "-O";
				VALIDATE_PRODUCT = YES;
			};
			name = Release;
		};
		8DE97756269BA6EC008E61F4 /* Debug */ = {
			isa = XCBuildConfiguration;
			buildSettings = {
				ASSETCATALOG_COMPILER_APPICON_NAME = AppIcon;
				ASSETCATALOG_COMPILER_GLOBAL_ACCENT_COLOR_NAME = AccentColor;
				CODE_SIGN_STYLE = Automatic;
				INFOPLIST_FILE = myLectures/Info.plist;
				LD_RUNPATH_SEARCH_PATHS = (
					"$(inherited)",
					"@executable_path/Frameworks",
				);
				PRODUCT_BUNDLE_IDENTIFIER = com.3rnestocs.myLectures;
				PRODUCT_NAME = "$(TARGET_NAME)";
				SWIFT_VERSION = 5.0;
				TARGETED_DEVICE_FAMILY = "1,2";
			};
			name = Debug;
		};
		8DE97757269BA6EC008E61F4 /* Release */ = {
			isa = XCBuildConfiguration;
			buildSettings = {
				ASSETCATALOG_COMPILER_APPICON_NAME = AppIcon;
				ASSETCATALOG_COMPILER_GLOBAL_ACCENT_COLOR_NAME = AccentColor;
				CODE_SIGN_STYLE = Automatic;
				INFOPLIST_FILE = myLectures/Info.plist;
				LD_RUNPATH_SEARCH_PATHS = (
					"$(inherited)",
					"@executable_path/Frameworks",
				);
				PRODUCT_BUNDLE_IDENTIFIER = com.3rnestocs.myLectures;
				PRODUCT_NAME = "$(TARGET_NAME)";
				SWIFT_VERSION = 5.0;
				TARGETED_DEVICE_FAMILY = "1,2";
			};
			name = Release;
		};
/* End XCBuildConfiguration section */

/* Begin XCConfigurationList section */
		8DE9773C269BA6E9008E61F4 /* Build configuration list for PBXProject "myLectures" */ = {
			isa = XCConfigurationList;
			buildConfigurations = (
				8DE97753269BA6EC008E61F4 /* Debug */,
				8DE97754269BA6EC008E61F4 /* Release */,
			);
			defaultConfigurationIsVisible = 0;
			defaultConfigurationName = Release;
		};
		8DE97755269BA6EC008E61F4 /* Build configuration list for PBXNativeTarget "myLectures" */ = {
			isa = XCConfigurationList;
			buildConfigurations = (
				8DE97756269BA6EC008E61F4 /* Debug */,
				8DE97757269BA6EC008E61F4 /* Release */,
			);
			defaultConfigurationIsVisible = 0;
			defaultConfigurationName = Release;
		};
/* End XCConfigurationList section */
	};
	rootObject = 8DE97739269BA6E9008E61F4 /* Project object */;
}
